// !$*UTF8*$!
{
	archiveVersion = 1;
	classes = {
	};
	objectVersion = 46;
	objects = {

/* Begin PBXBuildFile section */
		1D8172E918ECE87E0036D284 /* Cocoa.framework in Frameworks */ = {isa = PBXBuildFile; fileRef = 1D8172E818ECE87E0036D284 /* Cocoa.framework */; };
		1D8172F318ECE87E0036D284 /* InfoPlist.strings in Resources */ = {isa = PBXBuildFile; fileRef = 1D8172F118ECE87E0036D284 /* InfoPlist.strings */; };
		1D81731318ECE8E10036D284 /* CGIHTTPRequest.h in Headers */ = {isa = PBXBuildFile; fileRef = 1D81731118ECE8E00036D284 /* CGIHTTPRequest.h */; settings = {ATTRIBUTES = (Public, ); }; };
		1D81731418ECE8E10036D284 /* CGIHTTPRequest.m in Sources */ = {isa = PBXBuildFile; fileRef = 1D81731218ECE8E10036D284 /* CGIHTTPRequest.m */; };
		1D81731618ECEAEF0036D284 /* CGICommon.m in Sources */ = {isa = PBXBuildFile; fileRef = 1D81731518ECEAEF0036D284 /* CGICommon.m */; };
		1D81731818ECEAFE0036D284 /* CGIKit.h in Headers */ = {isa = PBXBuildFile; fileRef = 1D8172F518ECE87E0036D284 /* CGIKit.h */; settings = {ATTRIBUTES = (Public, ); }; };
		1D81731918ECEAFE0036D284 /* CGICommon.h in Headers */ = {isa = PBXBuildFile; fileRef = 1D81731718ECEAF80036D284 /* CGICommon.h */; settings = {ATTRIBUTES = (Public, ); }; };
		1D81731C18ECECC70036D284 /* CGIHTTPResponse.h in Headers */ = {isa = PBXBuildFile; fileRef = 1D81731A18ECECC70036D284 /* CGIHTTPResponse.h */; settings = {ATTRIBUTES = (Public, ); }; };
		1D81731D18ECECC70036D284 /* CGIHTTPResponse.m in Sources */ = {isa = PBXBuildFile; fileRef = 1D81731B18ECECC70036D284 /* CGIHTTPResponse.m */; };
		1D81732418ECED0D0036D284 /* Cocoa.framework in Frameworks */ = {isa = PBXBuildFile; fileRef = 1D8172E818ECE87E0036D284 /* Cocoa.framework */; };
		1D81732A18ECED0D0036D284 /* InfoPlist.strings in Resources */ = {isa = PBXBuildFile; fileRef = 1D81732818ECED0D0036D284 /* InfoPlist.strings */; };
		1D81734B18ED195C0036D284 /* CGIWebCoordinator.h in Headers */ = {isa = PBXBuildFile; fileRef = 1D81734918ED195C0036D284 /* CGIWebCoordinator.h */; settings = {ATTRIBUTES = (Public, ); }; };
		1D81734C18ED195C0036D284 /* CGIWebCoordinator.m in Sources */ = {isa = PBXBuildFile; fileRef = 1D81734A18ED195C0036D284 /* CGIWebCoordinator.m */; };
		1D81739218ED218A0036D284 /* Cocoa.framework in Frameworks */ = {isa = PBXBuildFile; fileRef = 1D8172E818ECE87E0036D284 /* Cocoa.framework */; };
		1D81739818ED218A0036D284 /* mod_objc.m in Sources */ = {isa = PBXBuildFile; fileRef = 1D81739718ED218A0036D284 /* mod_objc.m */; };
		1D8173B318ED241A0036D284 /* CGIApacheModule.h in Headers */ = {isa = PBXBuildFile; fileRef = 1D8173B118ED241A0036D284 /* CGIApacheModule.h */; };
		1D8173B418ED241A0036D284 /* CGIApacheModule.m in Sources */ = {isa = PBXBuildFile; fileRef = 1D8173B218ED241A0036D284 /* CGIApacheModule.m */; };
		1D8173B518ED4D780036D284 /* CGIKit.framework in Frameworks */ = {isa = PBXBuildFile; fileRef = 1D8172E518ECE87E0036D284 /* CGIKit.framework */; };
		1D8173B618ED4D780036D284 /* CGIServer.framework in Frameworks */ = {isa = PBXBuildFile; fileRef = 1D81732318ECED0D0036D284 /* CGIServer.framework */; };
		1D8173B818ED4DCF0036D284 /* libapr-1.dylib in Frameworks */ = {isa = PBXBuildFile; fileRef = 1D8173B718ED4DCF0036D284 /* libapr-1.dylib */; };
		1D8173BB18EE850F0036D284 /* CGIHTTPServer.h in Headers */ = {isa = PBXBuildFile; fileRef = 1D8173B918EE850F0036D284 /* CGIHTTPServer.h */; settings = {ATTRIBUTES = (Public, ); }; };
		1D8173BC18EE850F0036D284 /* CGIHTTPServer.m in Sources */ = {isa = PBXBuildFile; fileRef = 1D8173BA18EE850F0036D284 /* CGIHTTPServer.m */; };
		1D8173BF18EE86050036D284 /* CGIApacheRequest.h in Headers */ = {isa = PBXBuildFile; fileRef = 1D8173BD18EE86050036D284 /* CGIApacheRequest.h */; };
		1D8173C018EE86050036D284 /* CGIApacheRequest.m in Sources */ = {isa = PBXBuildFile; fileRef = 1D8173BE18EE86050036D284 /* CGIApacheRequest.m */; };
		1D8173C318EE861B0036D284 /* CGIApacheResponse.h in Headers */ = {isa = PBXBuildFile; fileRef = 1D8173C118EE861B0036D284 /* CGIApacheResponse.h */; };
		1D8173C418EE861B0036D284 /* CGIApacheResponse.m in Sources */ = {isa = PBXBuildFile; fileRef = 1D8173C218EE861B0036D284 /* CGIApacheResponse.m */; };
		1D8173C718EE87640036D284 /* CGIApacheServer.h in Headers */ = {isa = PBXBuildFile; fileRef = 1D8173C518EE87640036D284 /* CGIApacheServer.h */; };
		1D8173C818EE87640036D284 /* CGIApacheServer.m in Sources */ = {isa = PBXBuildFile; fileRef = 1D8173C618EE87640036D284 /* CGIApacheServer.m */; };
		1D8173CA18EE89040036D284 /* CGIServer.h in Headers */ = {isa = PBXBuildFile; fileRef = 1D81732C18ECED0D0036D284 /* CGIServer.h */; settings = {ATTRIBUTES = (Public, ); }; };
		1D8173CD18EE919C0036D284 /* CGIApacheOutputStream.h in Headers */ = {isa = PBXBuildFile; fileRef = 1D8173CB18EE919C0036D284 /* CGIApacheOutputStream.h */; };
		1D8173CE18EE919C0036D284 /* CGIApacheOutputStream.m in Sources */ = {isa = PBXBuildFile; fileRef = 1D8173CC18EE919C0036D284 /* CGIApacheOutputStream.m */; };
		1D8173D018EE93720036D284 /* libaprutil-1.dylib in Frameworks */ = {isa = PBXBuildFile; fileRef = 1D8173CF18EE93720036D284 /* libaprutil-1.dylib */; };
		1D8173D718EF0A590036D284 /* Foundation.framework in Frameworks */ = {isa = PBXBuildFile; fileRef = 1D8173D618EF0A590036D284 /* Foundation.framework */; };
		1D8173DA18EF0A590036D284 /* main.m in Sources */ = {isa = PBXBuildFile; fileRef = 1D8173D918EF0A590036D284 /* main.m */; };
		1D8173DE18EF0A590036D284 /* ochttpd.1 in CopyFiles */ = {isa = PBXBuildFile; fileRef = 1D8173DD18EF0A590036D284 /* ochttpd.1 */; };
		1D8173E718EF0A660036D284 /* Foundation.framework in Frameworks */ = {isa = PBXBuildFile; fileRef = 1D8173D618EF0A590036D284 /* Foundation.framework */; };
		1D8173EA18EF0A660036D284 /* main.m in Sources */ = {isa = PBXBuildFile; fileRef = 1D8173E918EF0A660036D284 /* main.m */; };
		1D8173EE18EF0A660036D284 /* cgicoordd.1 in CopyFiles */ = {isa = PBXBuildFile; fileRef = 1D8173ED18EF0A660036D284 /* cgicoordd.1 */; };
		1D8173F218EF0AA80036D284 /* CGIKit.framework in Frameworks */ = {isa = PBXBuildFile; fileRef = 1D8172E518ECE87E0036D284 /* CGIKit.framework */; };
		1D8173F318EF0AA80036D284 /* CGIServer.framework in Frameworks */ = {isa = PBXBuildFile; fileRef = 1D81732318ECED0D0036D284 /* CGIServer.framework */; };
		1D8173F418EF0AAF0036D284 /* CGIKit.framework in Frameworks */ = {isa = PBXBuildFile; fileRef = 1D8172E518ECE87E0036D284 /* CGIKit.framework */; };
		1D8173F518EF0AAF0036D284 /* CGIServer.framework in Frameworks */ = {isa = PBXBuildFile; fileRef = 1D81732318ECED0D0036D284 /* CGIServer.framework */; };
		1D8173F818EF0ACE0036D284 /* CGICoordinator.m in Sources */ = {isa = PBXBuildFile; fileRef = 1D8173F718EF0ACE0036D284 /* CGICoordinator.m */; };
		1D8173FF18EF1BFD0036D284 /* CGIVirtualHost.m in Sources */ = {isa = PBXBuildFile; fileRef = 1D8173FE18EF1BFD0036D284 /* CGIVirtualHost.m */; };
		1D81740218EF232C0036D284 /* CGIServer.m in Sources */ = {isa = PBXBuildFile; fileRef = 1D81740118EF232C0036D284 /* CGIServer.m */; };
		1D81740518EF2DBE0036D284 /* CGIServerContext.m in Sources */ = {isa = PBXBuildFile; fileRef = 1D81740418EF2DBE0036D284 /* CGIServerContext.m */; };
		1D81740818EF36EE0036D284 /* CGIServerRequest.m in Sources */ = {isa = PBXBuildFile; fileRef = 1D81740718EF36EE0036D284 /* CGIServerRequest.m */; };
		1D81740B18EF37060036D284 /* CGIServerRequestStream.m in Sources */ = {isa = PBXBuildFile; fileRef = 1D81740A18EF37060036D284 /* CGIServerRequestStream.m */; };
		1D81740E18EF37210036D284 /* CGIServerResponse.m in Sources */ = {isa = PBXBuildFile; fileRef = 1D81740D18EF37210036D284 /* CGIServerResponse.m */; };
		1D81741118EF37560036D284 /* CGIServerResponseStream.m in Sources */ = {isa = PBXBuildFile; fileRef = 1D81741018EF37560036D284 /* CGIServerResponseStream.m */; };
		1D81741418EFC5640036D284 /* CGIBufferedOutputStream.h in Headers */ = {isa = PBXBuildFile; fileRef = 1D81741218EFC5640036D284 /* CGIBufferedOutputStream.h */; settings = {ATTRIBUTES = (Public, ); }; };
		1D81741518EFC5640036D284 /* CGIBufferedOutputStream.m in Sources */ = {isa = PBXBuildFile; fileRef = 1D81741318EFC5640036D284 /* CGIBufferedOutputStream.m */; };
		1D81741818EFE0060036D284 /* CGIBufferedInputStream.h in Headers */ = {isa = PBXBuildFile; fileRef = 1D81741618EFE0060036D284 /* CGIBufferedInputStream.h */; settings = {ATTRIBUTES = (Public, ); }; };
		1D81741918EFE0060036D284 /* CGIBufferedInputStream.m in Sources */ = {isa = PBXBuildFile; fileRef = 1D81741718EFE0060036D284 /* CGIBufferedInputStream.m */; };
		1D81742018F010C00036D284 /* NSScanner+CGIHTTPProtocolHandling.m in Sources */ = {isa = PBXBuildFile; fileRef = 1D81741F18F010C00036D284 /* NSScanner+CGIHTTPProtocolHandling.m */; };
/* End PBXBuildFile section */

/* Begin PBXCopyFilesBuildPhase section */
		1D8173D318EF0A590036D284 /* CopyFiles */ = {
			isa = PBXCopyFilesBuildPhase;
			buildActionMask = 2147483647;
			dstPath = /usr/share/man/man1/;
			dstSubfolderSpec = 0;
			files = (
				1D8173DE18EF0A590036D284 /* ochttpd.1 in CopyFiles */,
			);
			runOnlyForDeploymentPostprocessing = 1;
		};
		1D8173E418EF0A660036D284 /* CopyFiles */ = {
			isa = PBXCopyFilesBuildPhase;
			buildActionMask = 2147483647;
			dstPath = /usr/share/man/man1/;
			dstSubfolderSpec = 0;
			files = (
				1D8173EE18EF0A660036D284 /* cgicoordd.1 in CopyFiles */,
			);
			runOnlyForDeploymentPostprocessing = 1;
		};
/* End PBXCopyFilesBuildPhase section */

/* Begin PBXFileReference section */
		1D38226B18E9467E00EFEB43 /* README.md */ = {isa = PBXFileReference; lastKnownFileType = text; path = README.md; sourceTree = "<group>"; };
		1D8172DE18ECE65A0036D284 /* LICENSE.md */ = {isa = PBXFileReference; lastKnownFileType = text; path = LICENSE.md; sourceTree = "<group>"; };
		1D8172DF18ECE69F0036D284 /* .gitignore */ = {isa = PBXFileReference; lastKnownFileType = text; path = .gitignore; sourceTree = "<group>"; };
		1D8172E518ECE87E0036D284 /* CGIKit.framework */ = {isa = PBXFileReference; explicitFileType = wrapper.framework; includeInIndex = 0; path = CGIKit.framework; sourceTree = BUILT_PRODUCTS_DIR; };
		1D8172E818ECE87E0036D284 /* Cocoa.framework */ = {isa = PBXFileReference; lastKnownFileType = wrapper.framework; name = Cocoa.framework; path = System/Library/Frameworks/Cocoa.framework; sourceTree = SDKROOT; };
		1D8172EB18ECE87E0036D284 /* Foundation.framework */ = {isa = PBXFileReference; lastKnownFileType = wrapper.framework; name = Foundation.framework; path = System/Library/Frameworks/Foundation.framework; sourceTree = SDKROOT; };
		1D8172EC18ECE87E0036D284 /* CoreData.framework */ = {isa = PBXFileReference; lastKnownFileType = wrapper.framework; name = CoreData.framework; path = System/Library/Frameworks/CoreData.framework; sourceTree = SDKROOT; };
		1D8172ED18ECE87E0036D284 /* AppKit.framework */ = {isa = PBXFileReference; lastKnownFileType = wrapper.framework; name = AppKit.framework; path = System/Library/Frameworks/AppKit.framework; sourceTree = SDKROOT; };
		1D8172F018ECE87E0036D284 /* CGIKit-Info.plist */ = {isa = PBXFileReference; lastKnownFileType = text.plist.xml; path = "CGIKit-Info.plist"; sourceTree = "<group>"; };
		1D8172F218ECE87E0036D284 /* en */ = {isa = PBXFileReference; lastKnownFileType = text.plist.strings; name = en; path = en.lproj/InfoPlist.strings; sourceTree = "<group>"; };
		1D8172F518ECE87E0036D284 /* CGIKit.h */ = {isa = PBXFileReference; lastKnownFileType = sourcecode.c.h; path = CGIKit.h; sourceTree = "<group>"; };
		1D8172FD18ECE87E0036D284 /* XCTest.framework */ = {isa = PBXFileReference; lastKnownFileType = wrapper.framework; name = XCTest.framework; path = Library/Frameworks/XCTest.framework; sourceTree = DEVELOPER_DIR; };
		1D81731118ECE8E00036D284 /* CGIHTTPRequest.h */ = {isa = PBXFileReference; fileEncoding = 4; lastKnownFileType = sourcecode.c.h; path = CGIHTTPRequest.h; sourceTree = "<group>"; };
		1D81731218ECE8E10036D284 /* CGIHTTPRequest.m */ = {isa = PBXFileReference; fileEncoding = 4; lastKnownFileType = sourcecode.c.objc; path = CGIHTTPRequest.m; sourceTree = "<group>"; };
		1D81731518ECEAEF0036D284 /* CGICommon.m */ = {isa = PBXFileReference; fileEncoding = 4; lastKnownFileType = sourcecode.c.objc; path = CGICommon.m; sourceTree = "<group>"; };
		1D81731718ECEAF80036D284 /* CGICommon.h */ = {isa = PBXFileReference; lastKnownFileType = sourcecode.c.h; path = CGICommon.h; sourceTree = "<group>"; };
		1D81731A18ECECC70036D284 /* CGIHTTPResponse.h */ = {isa = PBXFileReference; fileEncoding = 4; lastKnownFileType = sourcecode.c.h; path = CGIHTTPResponse.h; sourceTree = "<group>"; };
		1D81731B18ECECC70036D284 /* CGIHTTPResponse.m */ = {isa = PBXFileReference; fileEncoding = 4; lastKnownFileType = sourcecode.c.objc; path = CGIHTTPResponse.m; sourceTree = "<group>"; };
		1D81732318ECED0D0036D284 /* CGIServer.framework */ = {isa = PBXFileReference; explicitFileType = wrapper.framework; includeInIndex = 0; path = CGIServer.framework; sourceTree = BUILT_PRODUCTS_DIR; };
		1D81732718ECED0D0036D284 /* CGIServer-Info.plist */ = {isa = PBXFileReference; lastKnownFileType = text.plist.xml; path = "CGIServer-Info.plist"; sourceTree = "<group>"; };
		1D81732918ECED0D0036D284 /* en */ = {isa = PBXFileReference; lastKnownFileType = text.plist.strings; name = en; path = en.lproj/InfoPlist.strings; sourceTree = "<group>"; };
		1D81732C18ECED0D0036D284 /* CGIServer.h */ = {isa = PBXFileReference; lastKnownFileType = sourcecode.c.h; path = CGIServer.h; sourceTree = "<group>"; };
		1D81734918ED195C0036D284 /* CGIWebCoordinator.h */ = {isa = PBXFileReference; fileEncoding = 4; lastKnownFileType = sourcecode.c.h; path = CGIWebCoordinator.h; sourceTree = "<group>"; };
		1D81734A18ED195C0036D284 /* CGIWebCoordinator.m */ = {isa = PBXFileReference; fileEncoding = 4; lastKnownFileType = sourcecode.c.objc; path = CGIWebCoordinator.m; sourceTree = "<group>"; };
		1D81739118ED218A0036D284 /* mod_objc.so */ = {isa = PBXFileReference; explicitFileType = "compiled.mach-o.dylib"; includeInIndex = 0; path = mod_objc.so; sourceTree = BUILT_PRODUCTS_DIR; };
		1D81739718ED218A0036D284 /* mod_objc.m */ = {isa = PBXFileReference; lastKnownFileType = sourcecode.c.objc; path = mod_objc.m; sourceTree = "<group>"; };
		1D8173B118ED241A0036D284 /* CGIApacheModule.h */ = {isa = PBXFileReference; fileEncoding = 4; lastKnownFileType = sourcecode.c.h; path = CGIApacheModule.h; sourceTree = "<group>"; };
		1D8173B218ED241A0036D284 /* CGIApacheModule.m */ = {isa = PBXFileReference; fileEncoding = 4; lastKnownFileType = sourcecode.c.objc; path = CGIApacheModule.m; sourceTree = "<group>"; };
		1D8173B718ED4DCF0036D284 /* libapr-1.dylib */ = {isa = PBXFileReference; lastKnownFileType = "compiled.mach-o.dylib"; name = "libapr-1.dylib"; path = "usr/lib/libapr-1.dylib"; sourceTree = SDKROOT; };
		1D8173B918EE850F0036D284 /* CGIHTTPServer.h */ = {isa = PBXFileReference; fileEncoding = 4; lastKnownFileType = sourcecode.c.h; path = CGIHTTPServer.h; sourceTree = "<group>"; };
		1D8173BA18EE850F0036D284 /* CGIHTTPServer.m */ = {isa = PBXFileReference; fileEncoding = 4; lastKnownFileType = sourcecode.c.objc; path = CGIHTTPServer.m; sourceTree = "<group>"; };
		1D8173BD18EE86050036D284 /* CGIApacheRequest.h */ = {isa = PBXFileReference; fileEncoding = 4; lastKnownFileType = sourcecode.c.h; path = CGIApacheRequest.h; sourceTree = "<group>"; };
		1D8173BE18EE86050036D284 /* CGIApacheRequest.m */ = {isa = PBXFileReference; fileEncoding = 4; lastKnownFileType = sourcecode.c.objc; path = CGIApacheRequest.m; sourceTree = "<group>"; };
		1D8173C118EE861B0036D284 /* CGIApacheResponse.h */ = {isa = PBXFileReference; fileEncoding = 4; lastKnownFileType = sourcecode.c.h; path = CGIApacheResponse.h; sourceTree = "<group>"; };
		1D8173C218EE861B0036D284 /* CGIApacheResponse.m */ = {isa = PBXFileReference; fileEncoding = 4; lastKnownFileType = sourcecode.c.objc; path = CGIApacheResponse.m; sourceTree = "<group>"; };
		1D8173C518EE87640036D284 /* CGIApacheServer.h */ = {isa = PBXFileReference; fileEncoding = 4; lastKnownFileType = sourcecode.c.h; path = CGIApacheServer.h; sourceTree = "<group>"; };
		1D8173C618EE87640036D284 /* CGIApacheServer.m */ = {isa = PBXFileReference; fileEncoding = 4; lastKnownFileType = sourcecode.c.objc; path = CGIApacheServer.m; sourceTree = "<group>"; };
		1D8173CB18EE919C0036D284 /* CGIApacheOutputStream.h */ = {isa = PBXFileReference; fileEncoding = 4; lastKnownFileType = sourcecode.c.h; path = CGIApacheOutputStream.h; sourceTree = "<group>"; };
		1D8173CC18EE919C0036D284 /* CGIApacheOutputStream.m */ = {isa = PBXFileReference; fileEncoding = 4; lastKnownFileType = sourcecode.c.objc; path = CGIApacheOutputStream.m; sourceTree = "<group>"; };
		1D8173CF18EE93720036D284 /* libaprutil-1.dylib */ = {isa = PBXFileReference; lastKnownFileType = "compiled.mach-o.dylib"; name = "libaprutil-1.dylib"; path = "usr/lib/libaprutil-1.dylib"; sourceTree = SDKROOT; };
		1D8173D518EF0A590036D284 /* ochttpd */ = {isa = PBXFileReference; explicitFileType = "compiled.mach-o.executable"; includeInIndex = 0; path = ochttpd; sourceTree = BUILT_PRODUCTS_DIR; };
		1D8173D618EF0A590036D284 /* Foundation.framework */ = {isa = PBXFileReference; lastKnownFileType = wrapper.framework; name = Foundation.framework; path = System/Library/Frameworks/Foundation.framework; sourceTree = SDKROOT; };
		1D8173D918EF0A590036D284 /* main.m */ = {isa = PBXFileReference; lastKnownFileType = sourcecode.c.objc; path = main.m; sourceTree = "<group>"; };
		1D8173DD18EF0A590036D284 /* ochttpd.1 */ = {isa = PBXFileReference; lastKnownFileType = text.man; path = ochttpd.1; sourceTree = "<group>"; };
		1D8173E618EF0A660036D284 /* cgicoordd */ = {isa = PBXFileReference; explicitFileType = "compiled.mach-o.executable"; includeInIndex = 0; path = cgicoordd; sourceTree = BUILT_PRODUCTS_DIR; };
		1D8173E918EF0A660036D284 /* main.m */ = {isa = PBXFileReference; lastKnownFileType = sourcecode.c.objc; path = main.m; sourceTree = "<group>"; };
		1D8173ED18EF0A660036D284 /* cgicoordd.1 */ = {isa = PBXFileReference; lastKnownFileType = text.man; path = cgicoordd.1; sourceTree = "<group>"; };
		1D8173F618EF0ACE0036D284 /* CGICoordinator.h */ = {isa = PBXFileReference; fileEncoding = 4; lastKnownFileType = sourcecode.c.h; path = CGICoordinator.h; sourceTree = "<group>"; };
		1D8173F718EF0ACE0036D284 /* CGICoordinator.m */ = {isa = PBXFileReference; fileEncoding = 4; lastKnownFileType = sourcecode.c.objc; path = CGICoordinator.m; sourceTree = "<group>"; };
		1D8173FC18EF191E0036D284 /* main.h */ = {isa = PBXFileReference; lastKnownFileType = sourcecode.c.h; path = main.h; sourceTree = "<group>"; };
		1D8173FD18EF1BFD0036D284 /* CGIVirtualHost.h */ = {isa = PBXFileReference; fileEncoding = 4; lastKnownFileType = sourcecode.c.h; path = CGIVirtualHost.h; sourceTree = "<group>"; };
		1D8173FE18EF1BFD0036D284 /* CGIVirtualHost.m */ = {isa = PBXFileReference; fileEncoding = 4; lastKnownFileType = sourcecode.c.objc; path = CGIVirtualHost.m; sourceTree = "<group>"; };
		1D81740018EF232C0036D284 /* CGIServer.h */ = {isa = PBXFileReference; fileEncoding = 4; lastKnownFileType = sourcecode.c.h; path = CGIServer.h; sourceTree = "<group>"; };
		1D81740118EF232C0036D284 /* CGIServer.m */ = {isa = PBXFileReference; fileEncoding = 4; lastKnownFileType = sourcecode.c.objc; path = CGIServer.m; sourceTree = "<group>"; };
		1D81740318EF2DBE0036D284 /* CGIServerContext.h */ = {isa = PBXFileReference; fileEncoding = 4; lastKnownFileType = sourcecode.c.h; path = CGIServerContext.h; sourceTree = "<group>"; };
		1D81740418EF2DBE0036D284 /* CGIServerContext.m */ = {isa = PBXFileReference; fileEncoding = 4; lastKnownFileType = sourcecode.c.objc; path = CGIServerContext.m; sourceTree = "<group>"; };
		1D81740618EF36EE0036D284 /* CGIServerRequest.h */ = {isa = PBXFileReference; fileEncoding = 4; lastKnownFileType = sourcecode.c.h; path = CGIServerRequest.h; sourceTree = "<group>"; };
		1D81740718EF36EE0036D284 /* CGIServerRequest.m */ = {isa = PBXFileReference; fileEncoding = 4; lastKnownFileType = sourcecode.c.objc; path = CGIServerRequest.m; sourceTree = "<group>"; };
		1D81740918EF37060036D284 /* CGIServerRequestStream.h */ = {isa = PBXFileReference; fileEncoding = 4; lastKnownFileType = sourcecode.c.h; path = CGIServerRequestStream.h; sourceTree = "<group>"; };
		1D81740A18EF37060036D284 /* CGIServerRequestStream.m */ = {isa = PBXFileReference; fileEncoding = 4; lastKnownFileType = sourcecode.c.objc; path = CGIServerRequestStream.m; sourceTree = "<group>"; };
		1D81740C18EF37210036D284 /* CGIServerResponse.h */ = {isa = PBXFileReference; fileEncoding = 4; lastKnownFileType = sourcecode.c.h; path = CGIServerResponse.h; sourceTree = "<group>"; };
		1D81740D18EF37210036D284 /* CGIServerResponse.m */ = {isa = PBXFileReference; fileEncoding = 4; lastKnownFileType = sourcecode.c.objc; path = CGIServerResponse.m; sourceTree = "<group>"; };
		1D81740F18EF37560036D284 /* CGIServerResponseStream.h */ = {isa = PBXFileReference; fileEncoding = 4; lastKnownFileType = sourcecode.c.h; path = CGIServerResponseStream.h; sourceTree = "<group>"; };
		1D81741018EF37560036D284 /* CGIServerResponseStream.m */ = {isa = PBXFileReference; fileEncoding = 4; lastKnownFileType = sourcecode.c.objc; path = CGIServerResponseStream.m; sourceTree = "<group>"; };
		1D81741218EFC5640036D284 /* CGIBufferedOutputStream.h */ = {isa = PBXFileReference; fileEncoding = 4; lastKnownFileType = sourcecode.c.h; path = CGIBufferedOutputStream.h; sourceTree = "<group>"; };
		1D81741318EFC5640036D284 /* CGIBufferedOutputStream.m */ = {isa = PBXFileReference; fileEncoding = 4; lastKnownFileType = sourcecode.c.objc; path = CGIBufferedOutputStream.m; sourceTree = "<group>"; };
		1D81741618EFE0060036D284 /* CGIBufferedInputStream.h */ = {isa = PBXFileReference; fileEncoding = 4; lastKnownFileType = sourcecode.c.h; path = CGIBufferedInputStream.h; sourceTree = "<group>"; };
		1D81741718EFE0060036D284 /* CGIBufferedInputStream.m */ = {isa = PBXFileReference; fileEncoding = 4; lastKnownFileType = sourcecode.c.objc; path = CGIBufferedInputStream.m; sourceTree = "<group>"; };
		1D81741E18F010C00036D284 /* NSScanner+CGIHTTPProtocolHandling.h */ = {isa = PBXFileReference; fileEncoding = 4; lastKnownFileType = sourcecode.c.h; path = "NSScanner+CGIHTTPProtocolHandling.h"; sourceTree = "<group>"; };
		1D81741F18F010C00036D284 /* NSScanner+CGIHTTPProtocolHandling.m */ = {isa = PBXFileReference; fileEncoding = 4; lastKnownFileType = sourcecode.c.objc; path = "NSScanner+CGIHTTPProtocolHandling.m"; sourceTree = "<group>"; };
/* End PBXFileReference section */

/* Begin PBXFrameworksBuildPhase section */
		1D8172E118ECE87E0036D284 /* Frameworks */ = {
			isa = PBXFrameworksBuildPhase;
			buildActionMask = 2147483647;
			files = (
				1D8172E918ECE87E0036D284 /* Cocoa.framework in Frameworks */,
			);
			runOnlyForDeploymentPostprocessing = 0;
		};
		1D81731F18ECED0D0036D284 /* Frameworks */ = {
			isa = PBXFrameworksBuildPhase;
			buildActionMask = 2147483647;
			files = (
				1D81732418ECED0D0036D284 /* Cocoa.framework in Frameworks */,
			);
			runOnlyForDeploymentPostprocessing = 0;
		};
		1D81738E18ED218A0036D284 /* Frameworks */ = {
			isa = PBXFrameworksBuildPhase;
			buildActionMask = 2147483647;
			files = (
				1D8173D018EE93720036D284 /* libaprutil-1.dylib in Frameworks */,
				1D8173B818ED4DCF0036D284 /* libapr-1.dylib in Frameworks */,
				1D8173B518ED4D780036D284 /* CGIKit.framework in Frameworks */,
				1D8173B618ED4D780036D284 /* CGIServer.framework in Frameworks */,
				1D81739218ED218A0036D284 /* Cocoa.framework in Frameworks */,
			);
			runOnlyForDeploymentPostprocessing = 0;
		};
		1D8173D218EF0A590036D284 /* Frameworks */ = {
			isa = PBXFrameworksBuildPhase;
			buildActionMask = 2147483647;
			files = (
				1D8173F218EF0AA80036D284 /* CGIKit.framework in Frameworks */,
				1D8173F318EF0AA80036D284 /* CGIServer.framework in Frameworks */,
				1D8173D718EF0A590036D284 /* Foundation.framework in Frameworks */,
			);
			runOnlyForDeploymentPostprocessing = 0;
		};
		1D8173E318EF0A660036D284 /* Frameworks */ = {
			isa = PBXFrameworksBuildPhase;
			buildActionMask = 2147483647;
			files = (
				1D8173F418EF0AAF0036D284 /* CGIKit.framework in Frameworks */,
				1D8173F518EF0AAF0036D284 /* CGIServer.framework in Frameworks */,
				1D8173E718EF0A660036D284 /* Foundation.framework in Frameworks */,
			);
			runOnlyForDeploymentPostprocessing = 0;
		};
/* End PBXFrameworksBuildPhase section */

/* Begin PBXGroup section */
		1D38226418E9464800EFEB43 = {
			isa = PBXGroup;
			children = (
				1D8172DF18ECE69F0036D284 /* .gitignore */,
				1D8172DE18ECE65A0036D284 /* LICENSE.md */,
				1D38226B18E9467E00EFEB43 /* README.md */,
				1D8172EE18ECE87E0036D284 /* CGIKit */,
				1D81732518ECED0D0036D284 /* CGIServer */,
				1D81739318ED218A0036D284 /* mod_objc */,
				1D8173D818EF0A590036D284 /* ochttpd */,
				1D8173E818EF0A660036D284 /* cgicoordd */,
				1D8172E718ECE87E0036D284 /* Frameworks */,
				1D8172E618ECE87E0036D284 /* Products */,
			);
			sourceTree = "<group>";
		};
		1D8172E618ECE87E0036D284 /* Products */ = {
			isa = PBXGroup;
			children = (
				1D8172E518ECE87E0036D284 /* CGIKit.framework */,
				1D81732318ECED0D0036D284 /* CGIServer.framework */,
				1D81739118ED218A0036D284 /* mod_objc.so */,
				1D8173D518EF0A590036D284 /* ochttpd */,
				1D8173E618EF0A660036D284 /* cgicoordd */,
			);
			name = Products;
			sourceTree = "<group>";
		};
		1D8172E718ECE87E0036D284 /* Frameworks */ = {
			isa = PBXGroup;
			children = (
				1D8173CF18EE93720036D284 /* libaprutil-1.dylib */,
				1D8173B718ED4DCF0036D284 /* libapr-1.dylib */,
				1D8172E818ECE87E0036D284 /* Cocoa.framework */,
				1D8172FD18ECE87E0036D284 /* XCTest.framework */,
				1D8173D618EF0A590036D284 /* Foundation.framework */,
				1D8172EA18ECE87E0036D284 /* Other Frameworks */,
			);
			name = Frameworks;
			sourceTree = "<group>";
		};
		1D8172EA18ECE87E0036D284 /* Other Frameworks */ = {
			isa = PBXGroup;
			children = (
				1D8172EB18ECE87E0036D284 /* Foundation.framework */,
				1D8172EC18ECE87E0036D284 /* CoreData.framework */,
				1D8172ED18ECE87E0036D284 /* AppKit.framework */,
			);
			name = "Other Frameworks";
			sourceTree = "<group>";
		};
		1D8172EE18ECE87E0036D284 /* CGIKit */ = {
			isa = PBXGroup;
			children = (
				1D8172F518ECE87E0036D284 /* CGIKit.h */,
				1D81731718ECEAF80036D284 /* CGICommon.h */,
				1D81731518ECEAEF0036D284 /* CGICommon.m */,
				1D81741618EFE0060036D284 /* CGIBufferedInputStream.h */,
				1D81741718EFE0060036D284 /* CGIBufferedInputStream.m */,
				1D81741218EFC5640036D284 /* CGIBufferedOutputStream.h */,
				1D81741318EFC5640036D284 /* CGIBufferedOutputStream.m */,
				1D81731118ECE8E00036D284 /* CGIHTTPRequest.h */,
				1D81731218ECE8E10036D284 /* CGIHTTPRequest.m */,
				1D81731A18ECECC70036D284 /* CGIHTTPResponse.h */,
				1D81731B18ECECC70036D284 /* CGIHTTPResponse.m */,
				1D8173B918EE850F0036D284 /* CGIHTTPServer.h */,
				1D8173BA18EE850F0036D284 /* CGIHTTPServer.m */,
				1D8172EF18ECE87E0036D284 /* Supporting Files */,
			);
			path = CGIKit;
			sourceTree = "<group>";
		};
		1D8172EF18ECE87E0036D284 /* Supporting Files */ = {
			isa = PBXGroup;
			children = (
				1D8172F018ECE87E0036D284 /* CGIKit-Info.plist */,
				1D8172F118ECE87E0036D284 /* InfoPlist.strings */,
			);
			name = "Supporting Files";
			sourceTree = "<group>";
		};
		1D81732518ECED0D0036D284 /* CGIServer */ = {
			isa = PBXGroup;
			children = (
				1D81732C18ECED0D0036D284 /* CGIServer.h */,
				1D81734918ED195C0036D284 /* CGIWebCoordinator.h */,
				1D81734A18ED195C0036D284 /* CGIWebCoordinator.m */,
				1D81732618ECED0D0036D284 /* Supporting Files */,
			);
			path = CGIServer;
			sourceTree = "<group>";
		};
		1D81732618ECED0D0036D284 /* Supporting Files */ = {
			isa = PBXGroup;
			children = (
				1D81732718ECED0D0036D284 /* CGIServer-Info.plist */,
				1D81732818ECED0D0036D284 /* InfoPlist.strings */,
			);
			name = "Supporting Files";
			sourceTree = "<group>";
		};
		1D81739318ED218A0036D284 /* mod_objc */ = {
			isa = PBXGroup;
			children = (
				1D81739718ED218A0036D284 /* mod_objc.m */,
				1D8173B118ED241A0036D284 /* CGIApacheModule.h */,
				1D8173B218ED241A0036D284 /* CGIApacheModule.m */,
				1D8173BD18EE86050036D284 /* CGIApacheRequest.h */,
				1D8173BE18EE86050036D284 /* CGIApacheRequest.m */,
				1D8173C118EE861B0036D284 /* CGIApacheResponse.h */,
				1D8173C218EE861B0036D284 /* CGIApacheResponse.m */,
				1D8173CB18EE919C0036D284 /* CGIApacheOutputStream.h */,
				1D8173CC18EE919C0036D284 /* CGIApacheOutputStream.m */,
				1D8173C518EE87640036D284 /* CGIApacheServer.h */,
				1D8173C618EE87640036D284 /* CGIApacheServer.m */,
			);
			path = mod_objc;
			sourceTree = "<group>";
		};
		1D8173D818EF0A590036D284 /* ochttpd */ = {
			isa = PBXGroup;
			children = (
				1D8173FC18EF191E0036D284 /* main.h */,
				1D8173D918EF0A590036D284 /* main.m */,
				1D81740018EF232C0036D284 /* CGIServer.h */,
				1D81740118EF232C0036D284 /* CGIServer.m */,
				1D81741E18F010C00036D284 /* NSScanner+CGIHTTPProtocolHandling.h */,
				1D81741F18F010C00036D284 /* NSScanner+CGIHTTPProtocolHandling.m */,
				1D81740318EF2DBE0036D284 /* CGIServerContext.h */,
				1D81740418EF2DBE0036D284 /* CGIServerContext.m */,
				1D81740618EF36EE0036D284 /* CGIServerRequest.h */,
				1D81740718EF36EE0036D284 /* CGIServerRequest.m */,
				1D81740918EF37060036D284 /* CGIServerRequestStream.h */,
				1D81740A18EF37060036D284 /* CGIServerRequestStream.m */,
				1D81740C18EF37210036D284 /* CGIServerResponse.h */,
				1D81740D18EF37210036D284 /* CGIServerResponse.m */,
				1D81740F18EF37560036D284 /* CGIServerResponseStream.h */,
				1D81741018EF37560036D284 /* CGIServerResponseStream.m */,
				1D8173FD18EF1BFD0036D284 /* CGIVirtualHost.h */,
				1D8173FE18EF1BFD0036D284 /* CGIVirtualHost.m */,
				1D8173DD18EF0A590036D284 /* ochttpd.1 */,
			);
			path = ochttpd;
			sourceTree = "<group>";
		};
		1D8173E818EF0A660036D284 /* cgicoordd */ = {
			isa = PBXGroup;
			children = (
				1D8173E918EF0A660036D284 /* main.m */,
				1D8173F618EF0ACE0036D284 /* CGICoordinator.h */,
				1D8173F718EF0ACE0036D284 /* CGICoordinator.m */,
				1D8173ED18EF0A660036D284 /* cgicoordd.1 */,
			);
			path = cgicoordd;
			sourceTree = "<group>";
		};
/* End PBXGroup section */

/* Begin PBXHeadersBuildPhase section */
		1D8172E218ECE87E0036D284 /* Headers */ = {
			isa = PBXHeadersBuildPhase;
			buildActionMask = 2147483647;
			files = (
				1D81731918ECEAFE0036D284 /* CGICommon.h in Headers */,
				1D81741818EFE0060036D284 /* CGIBufferedInputStream.h in Headers */,
				1D81731C18ECECC70036D284 /* CGIHTTPResponse.h in Headers */,
				1D8173BB18EE850F0036D284 /* CGIHTTPServer.h in Headers */,
				1D81731318ECE8E10036D284 /* CGIHTTPRequest.h in Headers */,
				1D81741418EFC5640036D284 /* CGIBufferedOutputStream.h in Headers */,
				1D81731818ECEAFE0036D284 /* CGIKit.h in Headers */,
			);
			runOnlyForDeploymentPostprocessing = 0;
		};
		1D81732018ECED0D0036D284 /* Headers */ = {
			isa = PBXHeadersBuildPhase;
			buildActionMask = 2147483647;
			files = (
				1D81734B18ED195C0036D284 /* CGIWebCoordinator.h in Headers */,
				1D8173CA18EE89040036D284 /* CGIServer.h in Headers */,
			);
			runOnlyForDeploymentPostprocessing = 0;
		};
		1D81738F18ED218A0036D284 /* Headers */ = {
			isa = PBXHeadersBuildPhase;
			buildActionMask = 2147483647;
			files = (
				1D8173C318EE861B0036D284 /* CGIApacheResponse.h in Headers */,
				1D8173BF18EE86050036D284 /* CGIApacheRequest.h in Headers */,
				1D8173CD18EE919C0036D284 /* CGIApacheOutputStream.h in Headers */,
				1D8173B318ED241A0036D284 /* CGIApacheModule.h in Headers */,
				1D8173C718EE87640036D284 /* CGIApacheServer.h in Headers */,
			);
			runOnlyForDeploymentPostprocessing = 0;
		};
/* End PBXHeadersBuildPhase section */

/* Begin PBXNativeTarget section */
		1D8172E418ECE87E0036D284 /* CGIKit */ = {
			isa = PBXNativeTarget;
			buildConfigurationList = 1D81730B18ECE87E0036D284 /* Build configuration list for PBXNativeTarget "CGIKit" */;
			buildPhases = (
				1D8172E018ECE87E0036D284 /* Sources */,
				1D8172E118ECE87E0036D284 /* Frameworks */,
				1D8172E218ECE87E0036D284 /* Headers */,
				1D8172E318ECE87E0036D284 /* Resources */,
			);
			buildRules = (
			);
			dependencies = (
			);
			name = CGIKit;
			productName = CGIKit;
			productReference = 1D8172E518ECE87E0036D284 /* CGIKit.framework */;
			productType = "com.apple.product-type.framework";
		};
		1D81732218ECED0D0036D284 /* CGIServer */ = {
			isa = PBXNativeTarget;
			buildConfigurationList = 1D81734118ECED0E0036D284 /* Build configuration list for PBXNativeTarget "CGIServer" */;
			buildPhases = (
				1D81731E18ECED0D0036D284 /* Sources */,
				1D81731F18ECED0D0036D284 /* Frameworks */,
				1D81732018ECED0D0036D284 /* Headers */,
				1D81732118ECED0D0036D284 /* Resources */,
			);
			buildRules = (
			);
			dependencies = (
			);
			name = CGIServer;
			productName = CGIServer;
			productReference = 1D81732318ECED0D0036D284 /* CGIServer.framework */;
			productType = "com.apple.product-type.framework";
		};
		1D81739018ED218A0036D284 /* mod_objc */ = {
			isa = PBXNativeTarget;
			buildConfigurationList = 1D8173AB18ED218A0036D284 /* Build configuration list for PBXNativeTarget "mod_objc" */;
			buildPhases = (
				1D81738D18ED218A0036D284 /* Sources */,
				1D81738E18ED218A0036D284 /* Frameworks */,
				1D81738F18ED218A0036D284 /* Headers */,
			);
			buildRules = (
			);
			dependencies = (
			);
			name = mod_objc;
			productName = mod_objc;
			productReference = 1D81739118ED218A0036D284 /* mod_objc.so */;
			productType = "com.apple.product-type.library.dynamic";
		};
		1D8173D418EF0A590036D284 /* ochttpd */ = {
			isa = PBXNativeTarget;
			buildConfigurationList = 1D8173DF18EF0A590036D284 /* Build configuration list for PBXNativeTarget "ochttpd" */;
			buildPhases = (
				1D8173D118EF0A590036D284 /* Sources */,
				1D8173D218EF0A590036D284 /* Frameworks */,
				1D8173D318EF0A590036D284 /* CopyFiles */,
			);
			buildRules = (
			);
			dependencies = (
			);
			name = ochttpd;
			productName = ochttpd;
			productReference = 1D8173D518EF0A590036D284 /* ochttpd */;
			productType = "com.apple.product-type.tool";
		};
		1D8173E518EF0A660036D284 /* cgicoordd */ = {
			isa = PBXNativeTarget;
			buildConfigurationList = 1D8173EF18EF0A660036D284 /* Build configuration list for PBXNativeTarget "cgicoordd" */;
			buildPhases = (
				1D8173E218EF0A660036D284 /* Sources */,
				1D8173E318EF0A660036D284 /* Frameworks */,
				1D8173E418EF0A660036D284 /* CopyFiles */,
			);
			buildRules = (
			);
			dependencies = (
			);
			name = cgicoordd;
			productName = cgicoordd;
			productReference = 1D8173E618EF0A660036D284 /* cgicoordd */;
			productType = "com.apple.product-type.tool";
		};
/* End PBXNativeTarget section */

/* Begin PBXProject section */
		1D38226518E9464800EFEB43 /* Project object */ = {
			isa = PBXProject;
			attributes = {
				CLASSPREFIX = CGI;
				LastUpgradeCheck = 0510;
				ORGANIZATIONNAME = muski;
			};
			buildConfigurationList = 1D38226818E9464800EFEB43 /* Build configuration list for PBXProject "CGIKit" */;
			compatibilityVersion = "Xcode 3.2";
			developmentRegion = English;
			hasScannedForEncodings = 0;
			knownRegions = (
				en,
			);
			mainGroup = 1D38226418E9464800EFEB43;
			productRefGroup = 1D8172E618ECE87E0036D284 /* Products */;
			projectDirPath = "";
			projectRoot = "";
			targets = (
				1D8172E418ECE87E0036D284 /* CGIKit */,
				1D81732218ECED0D0036D284 /* CGIServer */,
				1D81739018ED218A0036D284 /* mod_objc */,
				1D8173D418EF0A590036D284 /* ochttpd */,
				1D8173E518EF0A660036D284 /* cgicoordd */,
			);
		};
/* End PBXProject section */

/* Begin PBXResourcesBuildPhase section */
		1D8172E318ECE87E0036D284 /* Resources */ = {
			isa = PBXResourcesBuildPhase;
			buildActionMask = 2147483647;
			files = (
				1D8172F318ECE87E0036D284 /* InfoPlist.strings in Resources */,
			);
			runOnlyForDeploymentPostprocessing = 0;
		};
		1D81732118ECED0D0036D284 /* Resources */ = {
			isa = PBXResourcesBuildPhase;
			buildActionMask = 2147483647;
			files = (
				1D81732A18ECED0D0036D284 /* InfoPlist.strings in Resources */,
			);
			runOnlyForDeploymentPostprocessing = 0;
		};
/* End PBXResourcesBuildPhase section */

/* Begin PBXSourcesBuildPhase section */
		1D8172E018ECE87E0036D284 /* Sources */ = {
			isa = PBXSourcesBuildPhase;
			buildActionMask = 2147483647;
			files = (
				1D81741518EFC5640036D284 /* CGIBufferedOutputStream.m in Sources */,
				1D81741918EFE0060036D284 /* CGIBufferedInputStream.m in Sources */,
				1D8173BC18EE850F0036D284 /* CGIHTTPServer.m in Sources */,
				1D81731618ECEAEF0036D284 /* CGICommon.m in Sources */,
				1D81731418ECE8E10036D284 /* CGIHTTPRequest.m in Sources */,
				1D81731D18ECECC70036D284 /* CGIHTTPResponse.m in Sources */,
			);
			runOnlyForDeploymentPostprocessing = 0;
		};
		1D81731E18ECED0D0036D284 /* Sources */ = {
			isa = PBXSourcesBuildPhase;
			buildActionMask = 2147483647;
			files = (
				1D81734C18ED195C0036D284 /* CGIWebCoordinator.m in Sources */,
			);
			runOnlyForDeploymentPostprocessing = 0;
		};
		1D81738D18ED218A0036D284 /* Sources */ = {
			isa = PBXSourcesBuildPhase;
			buildActionMask = 2147483647;
			files = (
				1D8173CE18EE919C0036D284 /* CGIApacheOutputStream.m in Sources */,
				1D8173C018EE86050036D284 /* CGIApacheRequest.m in Sources */,
				1D8173C818EE87640036D284 /* CGIApacheServer.m in Sources */,
				1D81739818ED218A0036D284 /* mod_objc.m in Sources */,
				1D8173C418EE861B0036D284 /* CGIApacheResponse.m in Sources */,
				1D8173B418ED241A0036D284 /* CGIApacheModule.m in Sources */,
			);
			runOnlyForDeploymentPostprocessing = 0;
		};
		1D8173D118EF0A590036D284 /* Sources */ = {
			isa = PBXSourcesBuildPhase;
			buildActionMask = 2147483647;
			files = (
				1D81740B18EF37060036D284 /* CGIServerRequestStream.m in Sources */,
				1D81740218EF232C0036D284 /* CGIServer.m in Sources */,
				1D81740818EF36EE0036D284 /* CGIServerRequest.m in Sources */,
				1D8173DA18EF0A590036D284 /* main.m in Sources */,
				1D8173FF18EF1BFD0036D284 /* CGIVirtualHost.m in Sources */,
				1D81742018F010C00036D284 /* NSScanner+CGIHTTPProtocolHandling.m in Sources */,
				1D81741118EF37560036D284 /* CGIServerResponseStream.m in Sources */,
				1D81740518EF2DBE0036D284 /* CGIServerContext.m in Sources */,
				1D81740E18EF37210036D284 /* CGIServerResponse.m in Sources */,
			);
			runOnlyForDeploymentPostprocessing = 0;
		};
		1D8173E218EF0A660036D284 /* Sources */ = {
			isa = PBXSourcesBuildPhase;
			buildActionMask = 2147483647;
			files = (
				1D8173F818EF0ACE0036D284 /* CGICoordinator.m in Sources */,
				1D8173EA18EF0A660036D284 /* main.m in Sources */,
			);
			runOnlyForDeploymentPostprocessing = 0;
		};
/* End PBXSourcesBuildPhase section */

/* Begin PBXVariantGroup section */
		1D8172F118ECE87E0036D284 /* InfoPlist.strings */ = {
			isa = PBXVariantGroup;
			children = (
				1D8172F218ECE87E0036D284 /* en */,
			);
			name = InfoPlist.strings;
			sourceTree = "<group>";
		};
		1D81732818ECED0D0036D284 /* InfoPlist.strings */ = {
			isa = PBXVariantGroup;
			children = (
				1D81732918ECED0D0036D284 /* en */,
			);
			name = InfoPlist.strings;
			sourceTree = "<group>";
		};
/* End PBXVariantGroup section */

/* Begin XCBuildConfiguration section */
		1D38226918E9464800EFEB43 /* Debug */ = {
			isa = XCBuildConfiguration;
			buildSettings = {
				CLANG_CXX_LANGUAGE_STANDARD = "gnu++0x";
				CLANG_CXX_LIBRARY = "libc++";
				GCC_C_LANGUAGE_STANDARD = gnu11;
			};
			name = Debug;
		};
		1D38226A18E9464800EFEB43 /* Release */ = {
			isa = XCBuildConfiguration;
			buildSettings = {
				CLANG_CXX_LANGUAGE_STANDARD = "gnu++0x";
				CLANG_CXX_LIBRARY = "libc++";
				GCC_C_LANGUAGE_STANDARD = gnu11;
			};
			name = Release;
		};
		1D81730C18ECE87E0036D284 /* Debug */ = {
			isa = XCBuildConfiguration;
			buildSettings = {
				ALWAYS_SEARCH_USER_PATHS = NO;
				CLANG_ENABLE_MODULES = YES;
				CLANG_ENABLE_OBJC_ARC = YES;
				CLANG_WARN_BOOL_CONVERSION = YES;
				CLANG_WARN_CONSTANT_CONVERSION = YES;
				CLANG_WARN_DIRECT_OBJC_ISA_USAGE = YES_ERROR;
				CLANG_WARN_EMPTY_BODY = YES;
				CLANG_WARN_ENUM_CONVERSION = YES;
				CLANG_WARN_INT_CONVERSION = YES;
				CLANG_WARN_OBJC_ROOT_CLASS = YES_ERROR;
				CLANG_WARN__DUPLICATE_METHOD_MATCH = YES;
				COMBINE_HIDPI_IMAGES = YES;
				COPY_PHASE_STRIP = NO;
				DYLIB_COMPATIBILITY_VERSION = 1;
				DYLIB_CURRENT_VERSION = 1;
				FRAMEWORK_VERSION = A;
				GCC_DYNAMIC_NO_PIC = NO;
				GCC_ENABLE_OBJC_EXCEPTIONS = YES;
				GCC_OPTIMIZATION_LEVEL = 0;
				GCC_PREPROCESSOR_DEFINITIONS = (
					"DEBUG=1",
					"$(inherited)",
				);
				GCC_SYMBOLS_PRIVATE_EXTERN = NO;
				GCC_WARN_64_TO_32_BIT_CONVERSION = YES;
				GCC_WARN_ABOUT_RETURN_TYPE = YES_ERROR;
				GCC_WARN_UNDECLARED_SELECTOR = YES;
				GCC_WARN_UNINITIALIZED_AUTOS = YES_AGGRESSIVE;
				GCC_WARN_UNUSED_FUNCTION = YES;
				GCC_WARN_UNUSED_VARIABLE = YES;
				INFOPLIST_FILE = "CGIKit/CGIKit-Info.plist";
				MACOSX_DEPLOYMENT_TARGET = 10.9;
				ONLY_ACTIVE_ARCH = YES;
				PRODUCT_NAME = "$(TARGET_NAME)";
				SDKROOT = macosx;
				WRAPPER_EXTENSION = framework;
			};
			name = Debug;
		};
		1D81730D18ECE87E0036D284 /* Release */ = {
			isa = XCBuildConfiguration;
			buildSettings = {
				ALWAYS_SEARCH_USER_PATHS = NO;
				CLANG_ENABLE_MODULES = YES;
				CLANG_ENABLE_OBJC_ARC = YES;
				CLANG_WARN_BOOL_CONVERSION = YES;
				CLANG_WARN_CONSTANT_CONVERSION = YES;
				CLANG_WARN_DIRECT_OBJC_ISA_USAGE = YES_ERROR;
				CLANG_WARN_EMPTY_BODY = YES;
				CLANG_WARN_ENUM_CONVERSION = YES;
				CLANG_WARN_INT_CONVERSION = YES;
				CLANG_WARN_OBJC_ROOT_CLASS = YES_ERROR;
				CLANG_WARN__DUPLICATE_METHOD_MATCH = YES;
				COMBINE_HIDPI_IMAGES = YES;
				COPY_PHASE_STRIP = YES;
				DEBUG_INFORMATION_FORMAT = "dwarf-with-dsym";
				DYLIB_COMPATIBILITY_VERSION = 1;
				DYLIB_CURRENT_VERSION = 1;
				ENABLE_NS_ASSERTIONS = NO;
				FRAMEWORK_VERSION = A;
				GCC_ENABLE_OBJC_EXCEPTIONS = YES;
				GCC_WARN_64_TO_32_BIT_CONVERSION = YES;
				GCC_WARN_ABOUT_RETURN_TYPE = YES_ERROR;
				GCC_WARN_UNDECLARED_SELECTOR = YES;
				GCC_WARN_UNINITIALIZED_AUTOS = YES_AGGRESSIVE;
				GCC_WARN_UNUSED_FUNCTION = YES;
				GCC_WARN_UNUSED_VARIABLE = YES;
				INFOPLIST_FILE = "CGIKit/CGIKit-Info.plist";
				MACOSX_DEPLOYMENT_TARGET = 10.9;
				PRODUCT_NAME = "$(TARGET_NAME)";
				SDKROOT = macosx;
				WRAPPER_EXTENSION = framework;
			};
			name = Release;
		};
		1D81734218ECED0E0036D284 /* Debug */ = {
			isa = XCBuildConfiguration;
			buildSettings = {
				ALWAYS_SEARCH_USER_PATHS = NO;
				CLANG_ENABLE_MODULES = YES;
				CLANG_ENABLE_OBJC_ARC = YES;
				CLANG_WARN_BOOL_CONVERSION = YES;
				CLANG_WARN_CONSTANT_CONVERSION = YES;
				CLANG_WARN_DIRECT_OBJC_ISA_USAGE = YES_ERROR;
				CLANG_WARN_EMPTY_BODY = YES;
				CLANG_WARN_ENUM_CONVERSION = YES;
				CLANG_WARN_INT_CONVERSION = YES;
				CLANG_WARN_OBJC_ROOT_CLASS = YES_ERROR;
				CLANG_WARN__DUPLICATE_METHOD_MATCH = YES;
				COMBINE_HIDPI_IMAGES = YES;
				COPY_PHASE_STRIP = NO;
				DYLIB_COMPATIBILITY_VERSION = 1;
				DYLIB_CURRENT_VERSION = 1;
				FRAMEWORK_VERSION = A;
				GCC_DYNAMIC_NO_PIC = NO;
				GCC_ENABLE_OBJC_EXCEPTIONS = YES;
				GCC_OPTIMIZATION_LEVEL = 0;
				GCC_PREPROCESSOR_DEFINITIONS = (
					"DEBUG=1",
					"$(inherited)",
				);
				GCC_SYMBOLS_PRIVATE_EXTERN = NO;
				GCC_WARN_64_TO_32_BIT_CONVERSION = YES;
				GCC_WARN_ABOUT_RETURN_TYPE = YES_ERROR;
				GCC_WARN_UNDECLARED_SELECTOR = YES;
				GCC_WARN_UNINITIALIZED_AUTOS = YES_AGGRESSIVE;
				GCC_WARN_UNUSED_FUNCTION = YES;
				GCC_WARN_UNUSED_VARIABLE = YES;
				INFOPLIST_FILE = "CGIServer/CGIServer-Info.plist";
				MACOSX_DEPLOYMENT_TARGET = 10.9;
				ONLY_ACTIVE_ARCH = YES;
				PRODUCT_NAME = "$(TARGET_NAME)";
				SDKROOT = macosx;
				WRAPPER_EXTENSION = framework;
			};
			name = Debug;
		};
		1D81734318ECED0E0036D284 /* Release */ = {
			isa = XCBuildConfiguration;
			buildSettings = {
				ALWAYS_SEARCH_USER_PATHS = NO;
				CLANG_ENABLE_MODULES = YES;
				CLANG_ENABLE_OBJC_ARC = YES;
				CLANG_WARN_BOOL_CONVERSION = YES;
				CLANG_WARN_CONSTANT_CONVERSION = YES;
				CLANG_WARN_DIRECT_OBJC_ISA_USAGE = YES_ERROR;
				CLANG_WARN_EMPTY_BODY = YES;
				CLANG_WARN_ENUM_CONVERSION = YES;
				CLANG_WARN_INT_CONVERSION = YES;
				CLANG_WARN_OBJC_ROOT_CLASS = YES_ERROR;
				CLANG_WARN__DUPLICATE_METHOD_MATCH = YES;
				COMBINE_HIDPI_IMAGES = YES;
				COPY_PHASE_STRIP = YES;
				DEBUG_INFORMATION_FORMAT = "dwarf-with-dsym";
				DYLIB_COMPATIBILITY_VERSION = 1;
				DYLIB_CURRENT_VERSION = 1;
				ENABLE_NS_ASSERTIONS = NO;
				FRAMEWORK_VERSION = A;
				GCC_ENABLE_OBJC_EXCEPTIONS = YES;
				GCC_WARN_64_TO_32_BIT_CONVERSION = YES;
				GCC_WARN_ABOUT_RETURN_TYPE = YES_ERROR;
				GCC_WARN_UNDECLARED_SELECTOR = YES;
				GCC_WARN_UNINITIALIZED_AUTOS = YES_AGGRESSIVE;
				GCC_WARN_UNUSED_FUNCTION = YES;
				GCC_WARN_UNUSED_VARIABLE = YES;
				INFOPLIST_FILE = "CGIServer/CGIServer-Info.plist";
				MACOSX_DEPLOYMENT_TARGET = 10.9;
				PRODUCT_NAME = "$(TARGET_NAME)";
				SDKROOT = macosx;
				WRAPPER_EXTENSION = framework;
			};
			name = Release;
		};
		1D8173AC18ED218A0036D284 /* Debug */ = {
			isa = XCBuildConfiguration;
			buildSettings = {
				ALWAYS_SEARCH_USER_PATHS = NO;
				CLANG_ENABLE_MODULES = YES;
				CLANG_ENABLE_OBJC_ARC = YES;
				CLANG_WARN_BOOL_CONVERSION = YES;
				CLANG_WARN_CONSTANT_CONVERSION = YES;
				CLANG_WARN_DIRECT_OBJC_ISA_USAGE = YES_ERROR;
				CLANG_WARN_EMPTY_BODY = YES;
				CLANG_WARN_ENUM_CONVERSION = YES;
				CLANG_WARN_INT_CONVERSION = YES;
				CLANG_WARN_OBJC_ROOT_CLASS = YES_ERROR;
				CLANG_WARN__DUPLICATE_METHOD_MATCH = YES;
				COPY_PHASE_STRIP = NO;
				DYLIB_COMPATIBILITY_VERSION = "";
				DYLIB_CURRENT_VERSION = "";
				EXECUTABLE_EXTENSION = so;
				GCC_DYNAMIC_NO_PIC = NO;
				GCC_ENABLE_OBJC_EXCEPTIONS = YES;
				GCC_OPTIMIZATION_LEVEL = 0;
				GCC_PREPROCESSOR_DEFINITIONS = (
					"DEBUG=1",
					"$(inherited)",
				);
				GCC_SYMBOLS_PRIVATE_EXTERN = NO;
				GCC_WARN_64_TO_32_BIT_CONVERSION = YES;
				GCC_WARN_ABOUT_RETURN_TYPE = YES_ERROR;
				GCC_WARN_UNDECLARED_SELECTOR = YES;
				GCC_WARN_UNINITIALIZED_AUTOS = YES_AGGRESSIVE;
				GCC_WARN_UNUSED_FUNCTION = YES;
				GCC_WARN_UNUSED_VARIABLE = YES;
				HEADER_SEARCH_PATHS = (
					"$(inherited)",
					/Applications/Xcode.app/Contents/Developer/Toolchains/XcodeDefault.xctoolchain/usr/include,
					/usr/include/apache2,
					"/usr/include/apr-1",
				);
				INSTALL_PATH = /usr/libexec/apache2;
				MACH_O_TYPE = mh_bundle;
				MACOSX_DEPLOYMENT_TARGET = 10.9;
				ONLY_ACTIVE_ARCH = YES;
				OTHER_LDFLAGS = (
					"-undefined",
					dynamic_lookup,
				);
				PRODUCT_NAME = "$(TARGET_NAME)";
				SDKROOT = macosx;
			};
			name = Debug;
		};
		1D8173AD18ED218A0036D284 /* Release */ = {
			isa = XCBuildConfiguration;
			buildSettings = {
				ALWAYS_SEARCH_USER_PATHS = NO;
				CLANG_ENABLE_MODULES = YES;
				CLANG_ENABLE_OBJC_ARC = YES;
				CLANG_WARN_BOOL_CONVERSION = YES;
				CLANG_WARN_CONSTANT_CONVERSION = YES;
				CLANG_WARN_DIRECT_OBJC_ISA_USAGE = YES_ERROR;
				CLANG_WARN_EMPTY_BODY = YES;
				CLANG_WARN_ENUM_CONVERSION = YES;
				CLANG_WARN_INT_CONVERSION = YES;
				CLANG_WARN_OBJC_ROOT_CLASS = YES_ERROR;
				CLANG_WARN__DUPLICATE_METHOD_MATCH = YES;
				COPY_PHASE_STRIP = YES;
				DEBUG_INFORMATION_FORMAT = "dwarf-with-dsym";
				DYLIB_COMPATIBILITY_VERSION = "";
				DYLIB_CURRENT_VERSION = "";
				ENABLE_NS_ASSERTIONS = NO;
				EXECUTABLE_EXTENSION = so;
				GCC_ENABLE_OBJC_EXCEPTIONS = YES;
				GCC_WARN_64_TO_32_BIT_CONVERSION = YES;
				GCC_WARN_ABOUT_RETURN_TYPE = YES_ERROR;
				GCC_WARN_UNDECLARED_SELECTOR = YES;
				GCC_WARN_UNINITIALIZED_AUTOS = YES_AGGRESSIVE;
				GCC_WARN_UNUSED_FUNCTION = YES;
				GCC_WARN_UNUSED_VARIABLE = YES;
				HEADER_SEARCH_PATHS = (
					"$(inherited)",
					/Applications/Xcode.app/Contents/Developer/Toolchains/XcodeDefault.xctoolchain/usr/include,
					/usr/include/apache2,
					"/usr/include/apr-1",
				);
				INSTALL_PATH = /usr/libexec/apache2;
				MACH_O_TYPE = mh_bundle;
				MACOSX_DEPLOYMENT_TARGET = 10.9;
				OTHER_LDFLAGS = (
					"-undefined",
					dynamic_lookup,
				);
				PRODUCT_NAME = "$(TARGET_NAME)";
				SDKROOT = macosx;
			};
			name = Release;
		};
		1D8173E018EF0A590036D284 /* Debug */ = {
			isa = XCBuildConfiguration;
			buildSettings = {
				ALWAYS_SEARCH_USER_PATHS = NO;
				CLANG_ENABLE_MODULES = YES;
				CLANG_ENABLE_OBJC_ARC = YES;
				CLANG_WARN_BOOL_CONVERSION = YES;
				CLANG_WARN_CONSTANT_CONVERSION = YES;
				CLANG_WARN_DIRECT_OBJC_ISA_USAGE = YES_ERROR;
				CLANG_WARN_EMPTY_BODY = YES;
				CLANG_WARN_ENUM_CONVERSION = YES;
				CLANG_WARN_INT_CONVERSION = YES;
				CLANG_WARN_OBJC_ROOT_CLASS = YES_ERROR;
				CLANG_WARN__DUPLICATE_METHOD_MATCH = YES;
				COPY_PHASE_STRIP = NO;
				GCC_DYNAMIC_NO_PIC = NO;
				GCC_ENABLE_OBJC_EXCEPTIONS = YES;
				GCC_OPTIMIZATION_LEVEL = 0;
				GCC_PREPROCESSOR_DEFINITIONS = (
					"DEBUG=1",
					"$(inherited)",
				);
				GCC_SYMBOLS_PRIVATE_EXTERN = NO;
				GCC_WARN_64_TO_32_BIT_CONVERSION = YES;
				GCC_WARN_ABOUT_RETURN_TYPE = YES_ERROR;
				GCC_WARN_UNDECLARED_SELECTOR = YES;
				GCC_WARN_UNINITIALIZED_AUTOS = YES_AGGRESSIVE;
				GCC_WARN_UNUSED_FUNCTION = YES;
				GCC_WARN_UNUSED_VARIABLE = YES;
				MACOSX_DEPLOYMENT_TARGET = 10.9;
				ONLY_ACTIVE_ARCH = YES;
				PRODUCT_NAME = "$(TARGET_NAME)";
				SDKROOT = macosx;
			};
			name = Debug;
		};
		1D8173E118EF0A590036D284 /* Release */ = {
			isa = XCBuildConfiguration;
			buildSettings = {
				ALWAYS_SEARCH_USER_PATHS = NO;
				CLANG_ENABLE_MODULES = YES;
				CLANG_ENABLE_OBJC_ARC = YES;
				CLANG_WARN_BOOL_CONVERSION = YES;
				CLANG_WARN_CONSTANT_CONVERSION = YES;
				CLANG_WARN_DIRECT_OBJC_ISA_USAGE = YES_ERROR;
				CLANG_WARN_EMPTY_BODY = YES;
				CLANG_WARN_ENUM_CONVERSION = YES;
				CLANG_WARN_INT_CONVERSION = YES;
				CLANG_WARN_OBJC_ROOT_CLASS = YES_ERROR;
				CLANG_WARN__DUPLICATE_METHOD_MATCH = YES;
				COPY_PHASE_STRIP = YES;
				DEBUG_INFORMATION_FORMAT = "dwarf-with-dsym";
				ENABLE_NS_ASSERTIONS = NO;
				GCC_ENABLE_OBJC_EXCEPTIONS = YES;
				GCC_WARN_64_TO_32_BIT_CONVERSION = YES;
				GCC_WARN_ABOUT_RETURN_TYPE = YES_ERROR;
				GCC_WARN_UNDECLARED_SELECTOR = YES;
				GCC_WARN_UNINITIALIZED_AUTOS = YES_AGGRESSIVE;
				GCC_WARN_UNUSED_FUNCTION = YES;
				GCC_WARN_UNUSED_VARIABLE = YES;
				MACOSX_DEPLOYMENT_TARGET = 10.9;
				PRODUCT_NAME = "$(TARGET_NAME)";
				SDKROOT = macosx;
			};
			name = Release;
		};
		1D8173F018EF0A660036D284 /* Debug */ = {
			isa = XCBuildConfiguration;
			buildSettings = {
				ALWAYS_SEARCH_USER_PATHS = NO;
				CLANG_ENABLE_MODULES = YES;
				CLANG_ENABLE_OBJC_ARC = YES;
				CLANG_WARN_BOOL_CONVERSION = YES;
				CLANG_WARN_CONSTANT_CONVERSION = YES;
				CLANG_WARN_DIRECT_OBJC_ISA_USAGE = YES_ERROR;
				CLANG_WARN_EMPTY_BODY = YES;
				CLANG_WARN_ENUM_CONVERSION = YES;
				CLANG_WARN_INT_CONVERSION = YES;
				CLANG_WARN_OBJC_ROOT_CLASS = YES_ERROR;
				CLANG_WARN__DUPLICATE_METHOD_MATCH = YES;
				COPY_PHASE_STRIP = NO;
				GCC_DYNAMIC_NO_PIC = NO;
				GCC_ENABLE_OBJC_EXCEPTIONS = YES;
				GCC_OPTIMIZATION_LEVEL = 0;
				GCC_PREPROCESSOR_DEFINITIONS = (
					"DEBUG=1",
					"$(inherited)",
				);
				GCC_SYMBOLS_PRIVATE_EXTERN = NO;
				GCC_WARN_64_TO_32_BIT_CONVERSION = YES;
				GCC_WARN_ABOUT_RETURN_TYPE = YES_ERROR;
				GCC_WARN_UNDECLARED_SELECTOR = YES;
				GCC_WARN_UNINITIALIZED_AUTOS = YES_AGGRESSIVE;
				GCC_WARN_UNUSED_FUNCTION = YES;
				GCC_WARN_UNUSED_VARIABLE = YES;
				MACOSX_DEPLOYMENT_TARGET = 10.9;
				ONLY_ACTIVE_ARCH = YES;
				PRODUCT_NAME = "$(TARGET_NAME)";
				SDKROOT = macosx;
			};
			name = Debug;
		};
		1D8173F118EF0A660036D284 /* Release */ = {
			isa = XCBuildConfiguration;
			buildSettings = {
				ALWAYS_SEARCH_USER_PATHS = NO;
				CLANG_ENABLE_MODULES = YES;
				CLANG_ENABLE_OBJC_ARC = YES;
				CLANG_WARN_BOOL_CONVERSION = YES;
				CLANG_WARN_CONSTANT_CONVERSION = YES;
				CLANG_WARN_DIRECT_OBJC_ISA_USAGE = YES_ERROR;
				CLANG_WARN_EMPTY_BODY = YES;
				CLANG_WARN_ENUM_CONVERSION = YES;
				CLANG_WARN_INT_CONVERSION = YES;
				CLANG_WARN_OBJC_ROOT_CLASS = YES_ERROR;
				CLANG_WARN__DUPLICATE_METHOD_MATCH = YES;
				COPY_PHASE_STRIP = YES;
				DEBUG_INFORMATION_FORMAT = "dwarf-with-dsym";
				ENABLE_NS_ASSERTIONS = NO;
				GCC_ENABLE_OBJC_EXCEPTIONS = YES;
				GCC_WARN_64_TO_32_BIT_CONVERSION = YES;
				GCC_WARN_ABOUT_RETURN_TYPE = YES_ERROR;
				GCC_WARN_UNDECLARED_SELECTOR = YES;
				GCC_WARN_UNINITIALIZED_AUTOS = YES_AGGRESSIVE;
				GCC_WARN_UNUSED_FUNCTION = YES;
				GCC_WARN_UNUSED_VARIABLE = YES;
				MACOSX_DEPLOYMENT_TARGET = 10.9;
				PRODUCT_NAME = "$(TARGET_NAME)";
				SDKROOT = macosx;
			};
			name = Release;
		};
/* End XCBuildConfiguration section */

/* Begin XCConfigurationList section */
		1D38226818E9464800EFEB43 /* Build configuration list for PBXProject "CGIKit" */ = {
			isa = XCConfigurationList;
			buildConfigurations = (
				1D38226918E9464800EFEB43 /* Debug */,
				1D38226A18E9464800EFEB43 /* Release */,
			);
			defaultConfigurationIsVisible = 0;
			defaultConfigurationName = Release;
		};
		1D81730B18ECE87E0036D284 /* Build configuration list for PBXNativeTarget "CGIKit" */ = {
			isa = XCConfigurationList;
			buildConfigurations = (
				1D81730C18ECE87E0036D284 /* Debug */,
				1D81730D18ECE87E0036D284 /* Release */,
			);
			defaultConfigurationIsVisible = 0;
		};
		1D81734118ECED0E0036D284 /* Build configuration list for PBXNativeTarget "CGIServer" */ = {
			isa = XCConfigurationList;
			buildConfigurations = (
				1D81734218ECED0E0036D284 /* Debug */,
				1D81734318ECED0E0036D284 /* Release */,
			);
			defaultConfigurationIsVisible = 0;
		};
		1D8173AB18ED218A0036D284 /* Build configuration list for PBXNativeTarget "mod_objc" */ = {
			isa = XCConfigurationList;
			buildConfigurations = (
				1D8173AC18ED218A0036D284 /* Debug */,
				1D8173AD18ED218A0036D284 /* Release */,
			);
			defaultConfigurationIsVisible = 0;
		};
		1D8173DF18EF0A590036D284 /* Build configuration list for PBXNativeTarget "ochttpd" */ = {
			isa = XCConfigurationList;
			buildConfigurations = (
				1D8173E018EF0A590036D284 /* Debug */,
				1D8173E118EF0A590036D284 /* Release */,
			);
			defaultConfigurationIsVisible = 0;
		};
		1D8173EF18EF0A660036D284 /* Build configuration list for PBXNativeTarget "cgicoordd" */ = {
			isa = XCConfigurationList;
			buildConfigurations = (
				1D8173F018EF0A660036D284 /* Debug */,
				1D8173F118EF0A660036D284 /* Release */,
			);
			defaultConfigurationIsVisible = 0;
		};
/* End XCConfigurationList section */
	};
	rootObject = 1D38226518E9464800EFEB43 /* Project object */;
}
